
Microsoft Visual Studio Solution File, Format Version 12.00
# Visual Studio Version 17
VisualStudioVersion = 17.5.33627.172
MinimumVisualStudioVersion = 10.0.40219.1
Project("{FAE04EC0-301F-11D3-BF4B-00C04F79EFBC}") = "FinalTask", "FinalTask.csproj", "{FEB24ABB-182A-4898-96D2-111F2CE4FE65}"
EndProject
Global
	GlobalSection(SolutionConfigurationPlatforms) = preSolution
		Debug|Any CPU = Debug|Any CPU
		Release|Any CPU = Release|Any CPU
	EndGlobalSection
	GlobalSection(ProjectConfigurationPlatforms) = postSolution
		{FEB24ABB-182A-4898-96D2-111F2CE4FE65}.Debug|Any CPU.ActiveCfg = Debug|Any CPU
		{FEB24ABB-182A-4898-96D2-111F2CE4FE65}.Debug|Any CPU.Build.0 = Debug|Any CPU
		{FEB24ABB-182A-4898-96D2-111F2CE4FE65}.Release|Any CPU.ActiveCfg = Release|Any CPU
		{FEB24ABB-182A-4898-96D2-111F2CE4FE65}.Release|Any CPU.Build.0 = Release|Any CPU
	EndGlobalSection
	GlobalSection(SolutionProperties) = preSolution
		HideSolutionNode = FALSE
	EndGlobalSection
	GlobalSection(ExtensibilityGlobals) = postSolution
		SolutionGuid = {CA7C10A9-7EDA-49C4-A4F8-80D4264AD962}
	EndGlobalSection
EndGlobal
